
Microsoft Visual Studio Solution File, Format Version 12.00
# Visual Studio Version 17
VisualStudioVersion = 17.0.31903.59
MinimumVisualStudioVersion = 10.0.40219.1
Project("{2150E333-8FDC-42A3-9474-1A3956D46DE8}") = "src", "src", "{827E0CD3-B72D-47B6-A68D-7590B98EB39B}"
EndProject
Project("{FAE04EC0-301F-11D3-BF4B-00C04F79EFBC}") = "App", "src\App\App.csproj", "{7322C38B-14B3-4315-B1E3-C6A317018511}"
EndProject
Project("{FAE04EC0-301F-11D3-BF4B-00C04F79EFBC}") = "Models", "src\Models\Models.csproj", "{4F62A193-D665-4954-B0FD-3E2DAB6A6A10}"
EndProject
Project("{FAE04EC0-301F-11D3-BF4B-00C04F79EFBC}") = "Persistence", "src\Persistence\Persistence.csproj", "{463E5F92-BD07-4C95-B352-BFA568F12925}"
EndProject
Project("{FAE04EC0-301F-11D3-BF4B-00C04F79EFBC}") = "Services", "src\Services\Services.csproj", "{58CD6763-8B45-47C8-A7D0-46C7E0B29D75}"
EndProject
Project("{FAE04EC0-301F-11D3-BF4B-00C04F79EFBC}") = "UI", "src\UI\UI.csproj", "{02AE4D13-FDFF-4EAF-B121-95BC2C0312E7}"
EndProject
Global
	GlobalSection(SolutionConfigurationPlatforms) = preSolution
		Debug|Any CPU = Debug|Any CPU
		Debug|x64 = Debug|x64
		Debug|x86 = Debug|x86
		Release|Any CPU = Release|Any CPU
		Release|x64 = Release|x64
		Release|x86 = Release|x86
	EndGlobalSection
	GlobalSection(ProjectConfigurationPlatforms) = postSolution
		{7322C38B-14B3-4315-B1E3-C6A317018511}.Debug|Any CPU.ActiveCfg = Debug|Any CPU
		{7322C38B-14B3-4315-B1E3-C6A317018511}.Debug|Any CPU.Build.0 = Debug|Any CPU
		{7322C38B-14B3-4315-B1E3-C6A317018511}.Debug|x64.ActiveCfg = Debug|Any CPU
		{7322C38B-14B3-4315-B1E3-C6A317018511}.Debug|x64.Build.0 = Debug|Any CPU
		{7322C38B-14B3-4315-B1E3-C6A317018511}.Debug|x86.ActiveCfg = Debug|Any CPU
		{7322C38B-14B3-4315-B1E3-C6A317018511}.Debug|x86.Build.0 = Debug|Any CPU
		{7322C38B-14B3-4315-B1E3-C6A317018511}.Release|Any CPU.ActiveCfg = Release|Any CPU
		{7322C38B-14B3-4315-B1E3-C6A317018511}.Release|Any CPU.Build.0 = Release|Any CPU
		{7322C38B-14B3-4315-B1E3-C6A317018511}.Release|x64.ActiveCfg = Release|Any CPU
		{7322C38B-14B3-4315-B1E3-C6A317018511}.Release|x64.Build.0 = Release|Any CPU
		{7322C38B-14B3-4315-B1E3-C6A317018511}.Release|x86.ActiveCfg = Release|Any CPU
		{7322C38B-14B3-4315-B1E3-C6A317018511}.Release|x86.Build.0 = Release|Any CPU
		{4F62A193-D665-4954-B0FD-3E2DAB6A6A10}.Debug|Any CPU.ActiveCfg = Debug|Any CPU
		{4F62A193-D665-4954-B0FD-3E2DAB6A6A10}.Debug|Any CPU.Build.0 = Debug|Any CPU
		{4F62A193-D665-4954-B0FD-3E2DAB6A6A10}.Debug|x64.ActiveCfg = Debug|Any CPU
		{4F62A193-D665-4954-B0FD-3E2DAB6A6A10}.Debug|x64.Build.0 = Debug|Any CPU
		{4F62A193-D665-4954-B0FD-3E2DAB6A6A10}.Debug|x86.ActiveCfg = Debug|Any CPU
		{4F62A193-D665-4954-B0FD-3E2DAB6A6A10}.Debug|x86.Build.0 = Debug|Any CPU
		{4F62A193-D665-4954-B0FD-3E2DAB6A6A10}.Release|Any CPU.ActiveCfg = Release|Any CPU
		{4F62A193-D665-4954-B0FD-3E2DAB6A6A10}.Release|Any CPU.Build.0 = Release|Any CPU
		{4F62A193-D665-4954-B0FD-3E2DAB6A6A10}.Release|x64.ActiveCfg = Release|Any CPU
		{4F62A193-D665-4954-B0FD-3E2DAB6A6A10}.Release|x64.Build.0 = Release|Any CPU
		{4F62A193-D665-4954-B0FD-3E2DAB6A6A10}.Release|x86.ActiveCfg = Release|Any CPU
		{4F62A193-D665-4954-B0FD-3E2DAB6A6A10}.Release|x86.Build.0 = Release|Any CPU
		{463E5F92-BD07-4C95-B352-BFA568F12925}.Debug|Any CPU.ActiveCfg = Debug|Any CPU
		{463E5F92-BD07-4C95-B352-BFA568F12925}.Debug|Any CPU.Build.0 = Debug|Any CPU
		{463E5F92-BD07-4C95-B352-BFA568F12925}.Debug|x64.ActiveCfg = Debug|Any CPU
		{463E5F92-BD07-4C95-B352-BFA568F12925}.Debug|x64.Build.0 = Debug|Any CPU
		{463E5F92-BD07-4C95-B352-BFA568F12925}.Debug|x86.ActiveCfg = Debug|Any CPU
		{463E5F92-BD07-4C95-B352-BFA568F12925}.Debug|x86.Build.0 = Debug|Any CPU
		{463E5F92-BD07-4C95-B352-BFA568F12925}.Release|Any CPU.ActiveCfg = Release|Any CPU
		{463E5F92-BD07-4C95-B352-BFA568F12925}.Release|Any CPU.Build.0 = Release|Any CPU
		{463E5F92-BD07-4C95-B352-BFA568F12925}.Release|x64.ActiveCfg = Release|Any CPU
		{463E5F92-BD07-4C95-B352-BFA568F12925}.Release|x64.Build.0 = Release|Any CPU
		{463E5F92-BD07-4C95-B352-BFA568F12925}.Release|x86.ActiveCfg = Release|Any CPU
		{463E5F92-BD07-4C95-B352-BFA568F12925}.Release|x86.Build.0 = Release|Any CPU
		{58CD6763-8B45-47C8-A7D0-46C7E0B29D75}.Debug|Any CPU.ActiveCfg = Debug|Any CPU
		{58CD6763-8B45-47C8-A7D0-46C7E0B29D75}.Debug|Any CPU.Build.0 = Debug|Any CPU
		{58CD6763-8B45-47C8-A7D0-46C7E0B29D75}.Debug|x64.ActiveCfg = Debug|Any CPU
		{58CD6763-8B45-47C8-A7D0-46C7E0B29D75}.Debug|x64.Build.0 = Debug|Any CPU
		{58CD6763-8B45-47C8-A7D0-46C7E0B29D75}.Debug|x86.ActiveCfg = Debug|Any CPU
		{58CD6763-8B45-47C8-A7D0-46C7E0B29D75}.Debug|x86.Build.0 = Debug|Any CPU
		{58CD6763-8B45-47C8-A7D0-46C7E0B29D75}.Release|Any CPU.ActiveCfg = Release|Any CPU
		{58CD6763-8B45-47C8-A7D0-46C7E0B29D75}.Release|Any CPU.Build.0 = Release|Any CPU
		{58CD6763-8B45-47C8-A7D0-46C7E0B29D75}.Release|x64.ActiveCfg = Release|Any CPU
		{58CD6763-8B45-47C8-A7D0-46C7E0B29D75}.Release|x64.Build.0 = Release|Any CPU
		{58CD6763-8B45-47C8-A7D0-46C7E0B29D75}.Release|x86.ActiveCfg = Release|Any CPU
		{58CD6763-8B45-47C8-A7D0-46C7E0B29D75}.Release|x86.Build.0 = Release|Any CPU
		{02AE4D13-FDFF-4EAF-B121-95BC2C0312E7}.Debug|Any CPU.ActiveCfg = Debug|Any CPU
		{02AE4D13-FDFF-4EAF-B121-95BC2C0312E7}.Debug|Any CPU.Build.0 = Debug|Any CPU
		{02AE4D13-FDFF-4EAF-B121-95BC2C0312E7}.Debug|x64.ActiveCfg = Debug|Any CPU
		{02AE4D13-FDFF-4EAF-B121-95BC2C0312E7}.Debug|x64.Build.0 = Debug|Any CPU
		{02AE4D13-FDFF-4EAF-B121-95BC2C0312E7}.Debug|x86.ActiveCfg = Debug|Any CPU
		{02AE4D13-FDFF-4EAF-B121-95BC2C0312E7}.Debug|x86.Build.0 = Debug|Any CPU
		{02AE4D13-FDFF-4EAF-B121-95BC2C0312E7}.Release|Any CPU.ActiveCfg = Release|Any CPU
		{02AE4D13-FDFF-4EAF-B121-95BC2C0312E7}.Release|Any CPU.Build.0 = Release|Any CPU
		{02AE4D13-FDFF-4EAF-B121-95BC2C0312E7}.Release|x64.ActiveCfg = Release|Any CPU
		{02AE4D13-FDFF-4EAF-B121-95BC2C0312E7}.Release|x64.Build.0 = Release|Any CPU
		{02AE4D13-FDFF-4EAF-B121-95BC2C0312E7}.Release|x86.ActiveCfg = Release|Any CPU
		{02AE4D13-FDFF-4EAF-B121-95BC2C0312E7}.Release|x86.Build.0 = Release|Any CPU
	EndGlobalSection
	GlobalSection(SolutionProperties) = preSolution
		HideSolutionNode = FALSE
	EndGlobalSection
	GlobalSection(NestedProjects) = preSolution
		{7322C38B-14B3-4315-B1E3-C6A317018511} = {827E0CD3-B72D-47B6-A68D-7590B98EB39B}
		{4F62A193-D665-4954-B0FD-3E2DAB6A6A10} = {827E0CD3-B72D-47B6-A68D-7590B98EB39B}
		{463E5F92-BD07-4C95-B352-BFA568F12925} = {827E0CD3-B72D-47B6-A68D-7590B98EB39B}
		{58CD6763-8B45-47C8-A7D0-46C7E0B29D75} = {827E0CD3-B72D-47B6-A68D-7590B98EB39B}
		{02AE4D13-FDFF-4EAF-B121-95BC2C0312E7} = {827E0CD3-B72D-47B6-A68D-7590B98EB39B}
	EndGlobalSection
EndGlobal
